# THIS IS AN AUTOGENERATED FILE. DO NOT EDIT THIS FILE DIRECTLY.
# yarn lockfile v1


"@babel/runtime@^7.21.0":
  "integrity" "sha512-mM8eg4yl5D6i3lu2QKPuPH4FArvJ8KhTofbE7jwMUv9KX5mBvwPAqnV3MlyBNqdp9RyRKP6Yck8TrfYrPvX3bg=="
  "resolved" "https://registry.npmjs.org/@babel/runtime/-/runtime-7.23.2.tgz"
  "version" "7.23.2"
  dependencies:
    "regenerator-runtime" "^0.14.0"

"@esbuild/win32-x64@0.18.20":
  "integrity" "sha512-kTdfRcSiDfQca/y9QIkng02avJ+NCaQvrMejlsB3RRv5sE9rRoeBPISaZpKxHELzRxZyLvNts1P27W3wV+8geQ=="
  "resolved" "https://registry.npmjs.org/@esbuild/win32-x64/-/win32-x64-0.18.20.tgz"
  "version" "0.18.20"

"@pixi/accessibility@7.4.2":
  "integrity" "sha512-R6VEolm8uyy1FB1F2qaLKxVbzXAFTZCF2ka8fl9lsz7We6ZfO4QpXv9ur7DvzratjCQUQVCKo0/V7xL5q1EV/g=="
  "resolved" "https://registry.npmjs.org/@pixi/accessibility/-/accessibility-7.4.2.tgz"
  "version" "7.4.2"

"@pixi/app@7.4.2":
  "integrity" "sha512-ugkH3kOgjT8P1mTMY29yCOgEh+KuVMAn8uBxeY0aMqaUgIMysfpnFv+Aepp2CtvI9ygr22NC+OiKl+u+eEaQHw=="
  "resolved" "https://registry.npmjs.org/@pixi/app/-/app-7.4.2.tgz"
  "version" "7.4.2"

"@pixi/assets@7.4.2":
  "integrity" "sha512-anxho59H9egZwoaEdM5aLvYyxoz6NCy3CaQIvNHD1bbGg8L16Ih0e26QSBR5fu53jl8OjT6M7s+p6n7uu4+fGA=="
  "resolved" "https://registry.npmjs.org/@pixi/assets/-/assets-7.4.2.tgz"
  "version" "7.4.2"
  dependencies:
    "@types/css-font-loading-module" "^0.0.12"

"@pixi/color@7.4.2":
  "integrity" "sha512-av1LOvhHsiaW8+T4n/FgnOKHby55/w7VcA1HzPIHRBtEcsmxvSCDanT1HU2LslNhrxLPzyVx18nlmalOyt5OBg=="
  "resolved" "https://registry.npmjs.org/@pixi/color/-/color-7.4.2.tgz"
  "version" "7.4.2"
  dependencies:
    "@pixi/colord" "^2.9.6"

"@pixi/colord@^2.9.6":
  "integrity" "sha512-nezytU2pw587fQstUu1AsJZDVEynjskwOL+kibwcdxsMBFqPsFFNA7xl0ii/gXuDi6M0xj3mfRJj8pBSc2jCfA=="
  "resolved" "https://registry.npmjs.org/@pixi/colord/-/colord-2.9.6.tgz"
  "version" "2.9.6"

"@pixi/compressed-textures@7.4.2":
  "integrity" "sha512-VJrt7el6O4ZJSWkeOGXwrhJaiLg1UBhHB3fj42VR4YloYkAxpfd9K6s6IcbcVz7n9L48APKBMgHyaB2pX2Ck/A=="
  "resolved" "https://registry.npmjs.org/@pixi/compressed-textures/-/compressed-textures-7.4.2.tgz"
  "version" "7.4.2"

"@pixi/constants@7.4.2":
  "integrity" "sha512-N9vn6Wpz5WIQg7ugUg2+SdqD2u2+NM0QthE8YzLJ4tLH2Iz+/TrnPKUJzeyIqbg3sxJG5ZpGGPiacqIBpy1KyA=="
  "resolved" "https://registry.npmjs.org/@pixi/constants/-/constants-7.4.2.tgz"
  "version" "7.4.2"

"@pixi/core@7.4.2":
  "integrity" "sha512-UbMtgSEnyCOFPzbE6ThB9qopXxbZ5GCof2ArB4FXOC5Xi/83MOIIYg5kf5M8689C5HJMhg2SrJu3xLKppF+CMg=="
  "resolved" "https://registry.npmjs.org/@pixi/core/-/core-7.4.2.tgz"
  "version" "7.4.2"
  dependencies:
    "@pixi/color" "7.4.2"
    "@pixi/constants" "7.4.2"
    "@pixi/extensions" "7.4.2"
    "@pixi/math" "7.4.2"
    "@pixi/runner" "7.4.2"
    "@pixi/settings" "7.4.2"
    "@pixi/ticker" "7.4.2"
    "@pixi/utils" "7.4.2"

"@pixi/display@7.4.2":
  "integrity" "sha512-DaD0J7gIlNlzO0Fdlby/0OH+tB5LtCY6rgFeCBKVDnzmn8wKW3zYZRenWBSFJ0Psx6vLqXYkSIM/rcokaKviIw=="
  "resolved" "https://registry.npmjs.org/@pixi/display/-/display-7.4.2.tgz"
  "version" "7.4.2"

"@pixi/events@7.4.2":
  "integrity" "sha512-Jw/w57heZjzZShIXL0bxOvKB+XgGIevyezhGtfF2ZSzQoSBWo+Fj1uE0QwKd0RIaXegZw/DhSmiMJSbNmcjifA=="
  "resolved" "https://registry.npmjs.org/@pixi/events/-/events-7.4.2.tgz"
  "version" "7.4.2"

"@pixi/extensions@7.4.2":
  "integrity" "sha512-Hmx2+O0yZ8XIvgomHM9GZEGcy9S9Dd8flmtOK5Aa3fXs/8v7xD08+ANQpN9ZqWU2Xs+C6UBlpqlt2BWALvKKKA=="
  "resolved" "https://registry.npmjs.org/@pixi/extensions/-/extensions-7.4.2.tgz"
  "version" "7.4.2"

"@pixi/extract@7.4.2":
  "integrity" "sha512-JOX27TRWjVEjauGBbF8PU7/g6LYXnivehdgqS5QlVDv1CNHTOrz/j3MdKcVWOhyZPbH5c9sh7lxyRxvd9AIuTQ=="
  "resolved" "https://registry.npmjs.org/@pixi/extract/-/extract-7.4.2.tgz"
  "version" "7.4.2"

"@pixi/filter-alpha@7.4.2":
  "integrity" "sha512-9OsKJ+yvY2wIcQXwswj5HQBiwNGymwmqdxfp7mo+nZSBoDmxUqvMZzE9UNJ3eUlswuNvNRO8zNOsQvwdz7WFww=="
  "resolved" "https://registry.npmjs.org/@pixi/filter-alpha/-/filter-alpha-7.4.2.tgz"
  "version" "7.4.2"

"@pixi/filter-blur@7.4.2":
  "integrity" "sha512-gOXBbIUx6CRZP1fmsis2wLzzSsofrqmIHhbf1gIkZMIQaLsc9T7brj+PaLTTiOiyJgnvGN5j20RZnkERWWKV0Q=="
  "resolved" "https://registry.npmjs.org/@pixi/filter-blur/-/filter-blur-7.4.2.tgz"
  "version" "7.4.2"

"@pixi/filter-color-matrix@7.4.2":
  "integrity" "sha512-ykZiR59Gvj80UKs9qm7jeUTKvn+wWk6HBVJOmJbK9jFK5juakDWp7BbH26U78Q61EWj97kI1FdfcbMkuQ7rqkA=="
  "resolved" "https://registry.npmjs.org/@pixi/filter-color-matrix/-/filter-color-matrix-7.4.2.tgz"
  "version" "7.4.2"

"@pixi/filter-displacement@7.4.2":
  "integrity" "sha512-QS/eWp/ivsxef3xapNeGwpPX7vrqQQeo99Fux4k5zsvplnNEsf91t6QYJLG776AbZEu/qh8VYRBA5raIVY/REw=="
  "resolved" "https://registry.npmjs.org/@pixi/filter-displacement/-/filter-displacement-7.4.2.tgz"
  "version" "7.4.2"

"@pixi/filter-fxaa@7.4.2":
  "integrity" "sha512-U/ptJgDsfs/r8y2a6gCaiPfDu2IFAxpQ4wtfmBpz6vRhqeE4kI8yNIUx5dZbui57zlsJaW0BNacOQxHU0vLkyQ=="
  "resolved" "https://registry.npmjs.org/@pixi/filter-fxaa/-/filter-fxaa-7.4.2.tgz"
  "version" "7.4.2"

"@pixi/filter-noise@7.4.2":
  "integrity" "sha512-Vy9ViBFhZEGh6xKkd3kFWErolZTwv1Y5Qb1bV7qPIYbvBECYsqzlR4uCrrjBV6KKm0PufpG/+NKC5vICZaqKzg=="
  "resolved" "https://registry.npmjs.org/@pixi/filter-noise/-/filter-noise-7.4.2.tgz"
  "version" "7.4.2"

"@pixi/graphics@7.4.2":
  "integrity" "sha512-jH4/Tum2RqWzHGzvlwEr7HIVduoLO57Ze705N2zQPkUD57TInn5911aGUeoua7f/wK8cTLGzgB9BzSo2kTdcHw=="
  "resolved" "https://registry.npmjs.org/@pixi/graphics/-/graphics-7.4.2.tgz"
  "version" "7.4.2"

"@pixi/math@7.4.2":
  "integrity" "sha512-7jHmCQoYk6e0rfSKjdNFOPl0wCcdgoraxgteXJTTHv3r0bMNx2pHD9FJ0VvocEUG7XHfj55O3+u7yItOAx0JaQ=="
  "resolved" "https://registry.npmjs.org/@pixi/math/-/math-7.4.2.tgz"
  "version" "7.4.2"

"@pixi/mesh-extras@7.4.2":
  "integrity" "sha512-vNR/7wjxjs7sv9fGoKkHyU91ZAD+7EnMHBS5F3CVISlOIFxLi96NNZCB81oUIdky/90pHw40johd/4izR5zTyw=="
  "resolved" "https://registry.npmjs.org/@pixi/mesh-extras/-/mesh-extras-7.4.2.tgz"
  "version" "7.4.2"

"@pixi/mesh@7.4.2":
  "integrity" "sha512-mEkKyQvvMrYXC3pahvH5WBIKtrtB63WixRr91ANFI7zXD+ESG6Ap6XtxMCJmXDQPwBDNk7SWVMiCflYuchG7kA=="
  "resolved" "https://registry.npmjs.org/@pixi/mesh/-/mesh-7.4.2.tgz"
  "version" "7.4.2"

"@pixi/mixin-cache-as-bitmap@7.4.2":
  "integrity" "sha512-6dgthi2ruUT/lervSrFDQ7vXkEsHo6CxdgV7W/wNdW1dqgQlKfDvO6FhjXzyIMRLSooUf5FoeluVtfsjkUIYrw=="
  "resolved" "https://registry.npmjs.org/@pixi/mixin-cache-as-bitmap/-/mixin-cache-as-bitmap-7.4.2.tgz"
  "version" "7.4.2"

"@pixi/mixin-get-child-by-name@7.4.2":
  "integrity" "sha512-0Cfw8JpQhsixprxiYph4Lj+B5n83Kk4ftNMXgM5xtZz+tVLz5s91qR0MqcdzwTGTJ7utVygiGmS4/3EfR/duRQ=="
  "resolved" "https://registry.npmjs.org/@pixi/mixin-get-child-by-name/-/mixin-get-child-by-name-7.4.2.tgz"
  "version" "7.4.2"

"@pixi/mixin-get-global-position@7.4.2":
  "integrity" "sha512-LcsahbVdX4DFS2IcGfNp4KaXuu7SjAwUp/flZSGIfstyKOKb5FWFgihtqcc9ZT4coyri3gs2JbILZub/zPZj1w=="
  "resolved" "https://registry.npmjs.org/@pixi/mixin-get-global-position/-/mixin-get-global-position-7.4.2.tgz"
  "version" "7.4.2"

"@pixi/particle-container@7.4.2":
  "integrity" "sha512-B78Qq86kt0lEa5WtB2YFIm3+PjhKfw9La9R++GBSgABl+g13s2UaZ6BIPxvY3JxWMdxPm4iPrQPFX1QWRN68mw=="
  "resolved" "https://registry.npmjs.org/@pixi/particle-container/-/particle-container-7.4.2.tgz"
  "version" "7.4.2"

"@pixi/prepare@7.4.2":
  "integrity" "sha512-PugyMzReCHXUzc3so9PPJj2OdHwibpUNWyqG4mWY2UUkb6c8NAGK1AnAPiscOvLilJcv/XQSFoNhX+N1jrvJEg=="
  "resolved" "https://registry.npmjs.org/@pixi/prepare/-/prepare-7.4.2.tgz"
  "version" "7.4.2"

"@pixi/runner@7.4.2":
  "integrity" "sha512-LPBpwym4vdyyDY5ucF4INQccaGyxztERyLTY1YN6aqJyyMmnc7iqXlIKt+a0euMBtNoLoxy6MWMvIuZj0JfFPA=="
  "resolved" "https://registry.npmjs.org/@pixi/runner/-/runner-7.4.2.tgz"
  "version" "7.4.2"

"@pixi/settings@7.4.2":
  "integrity" "sha512-pMN+L6aWgvUbwhFIL/BTHKe2ShYGPZ8h9wlVBnFHMtUcJcFLMF1B3lzuvCayZRepOphs6RY0TqvnDvVb585JhQ=="
  "resolved" "https://registry.npmjs.org/@pixi/settings/-/settings-7.4.2.tgz"
  "version" "7.4.2"
  dependencies:
    "@pixi/constants" "7.4.2"
    "@types/css-font-loading-module" "^0.0.12"
    "ismobilejs" "^1.1.0"

"@pixi/sprite-animated@7.4.2":
  "integrity" "sha512-QPT6yxCUGOBN+98H3pyIZ1ZO6Y7BN1o0Q2IMZEsD1rNfZJrTYS3Q8VlCG5t2YlFlcB8j5iBo24bZb6FUxLOmsQ=="
  "resolved" "https://registry.npmjs.org/@pixi/sprite-animated/-/sprite-animated-7.4.2.tgz"
  "version" "7.4.2"

"@pixi/sprite-tiling@7.4.2":
  "integrity" "sha512-Z8PP6ewy3nuDYL+NeEdltHAhuucVgia33uzAitvH3OqqRSx6a6YRBFbNLUM9Sx+fBO2Lk3PpV1g6QZX+NE5LOg=="
  "resolved" "https://registry.npmjs.org/@pixi/sprite-tiling/-/sprite-tiling-7.4.2.tgz"
  "version" "7.4.2"

"@pixi/sprite@7.4.2":
  "integrity" "sha512-Ccf/OVQsB+HQV0Fyf5lwD+jk1jeU7uSIqEjbxenNNssmEdB7S5qlkTBV2EJTHT83+T6Z9OMOHsreJZerydpjeg=="
  "resolved" "https://registry.npmjs.org/@pixi/sprite/-/sprite-7.4.2.tgz"
  "version" "7.4.2"

"@pixi/spritesheet@7.4.2":
  "integrity" "sha512-YIvHdpXW+AYp8vD0NkjJmrdnVHTZKidCnx6k8ATSuuvCT6O5Tuh2N/Ul2oDj4/QaePy0lVhyhAbZpJW00Jr7mQ=="
  "resolved" "https://registry.npmjs.org/@pixi/spritesheet/-/spritesheet-7.4.2.tgz"
  "version" "7.4.2"

"@pixi/text-bitmap@7.4.2":
  "integrity" "sha512-lPBMJ83JnpFVL+6ckQ8KO8QmwdPm0z9Zs/M0NgFKH2F+BcjelRNnk80NI3O0qBDYSEDQIE+cFbKoZ213kf7zwA=="
  "resolved" "https://registry.npmjs.org/@pixi/text-bitmap/-/text-bitmap-7.4.2.tgz"
  "version" "7.4.2"

"@pixi/text-html@7.4.2":
  "integrity" "sha512-duOu8oDYeDNuyPozj2DAsQ5VZBbRiwIXy78Gn7H2pCiEAefw/Uv5jJYwdgneKME0e1tOxz1eOUGKPcI6IJnZjw=="
  "resolved" "https://registry.npmjs.org/@pixi/text-html/-/text-html-7.4.2.tgz"
  "version" "7.4.2"

"@pixi/text@7.4.2":
  "integrity" "sha512-rZZWpJNsIQ8WoCWrcVg8Gi6L/PDakB941clo6dO3XjoII2ucoOUcnpe5HIkudxi2xPvS/8Bfq990gFEx50TP5A=="
  "resolved" "https://registry.npmjs.org/@pixi/text/-/text-7.4.2.tgz"
  "version" "7.4.2"

"@pixi/ticker@7.4.2":
  "integrity" "sha512-cAvxCh/KI6IW4m3tp2b+GQIf+DoSj9NNmPJmsOeEJ7LzvruG8Ps7SKI6CdjQob5WbceL1apBTDbqZ/f77hFDiQ=="
  "resolved" "https://registry.npmjs.org/@pixi/ticker/-/ticker-7.4.2.tgz"
  "version" "7.4.2"
  dependencies:
    "@pixi/extensions" "7.4.2"
    "@pixi/settings" "7.4.2"
    "@pixi/utils" "7.4.2"

"@pixi/utils@7.4.2":
  "integrity" "sha512-aU/itcyMC4TxFbmdngmak6ey4kC5c16Y5ntIYob9QnjNAfD/7GTsYIBnP6FqEAyO1eq0MjkAALxdONuay1BG3g=="
  "resolved" "https://registry.npmjs.org/@pixi/utils/-/utils-7.4.2.tgz"
  "version" "7.4.2"
  dependencies:
    "@pixi/color" "7.4.2"
    "@pixi/constants" "7.4.2"
    "@pixi/settings" "7.4.2"
    "@types/earcut" "^2.1.0"
    "earcut" "^2.2.4"
    "eventemitter3" "^4.0.0"
    "url" "^0.11.0"

"@swc/core-win32-x64-msvc@1.3.96":
  "integrity" "sha512-4VbSAniIu0ikLf5mBX81FsljnfqjoVGleEkCQv4+zRlyZtO3FHoDPkeLVoy6WRlj7tyrRcfUJ4mDdPkbfTO14g=="
  "resolved" "https://registry.npmjs.org/@swc/core-win32-x64-msvc/-/core-win32-x64-msvc-1.3.96.tgz"
  "version" "1.3.96"

"@swc/core@^1.3.96":
  "integrity" "sha512-zwE3TLgoZwJfQygdv2SdCK9mRLYluwDOM53I+dT6Z5ZvrgVENmY3txvWDvduzkV+/8IuvrRbVezMpxcojadRdQ=="
  "resolved" "https://registry.npmjs.org/@swc/core/-/core-1.3.96.tgz"
  "version" "1.3.96"
  dependencies:
    "@swc/counter" "^0.1.1"
    "@swc/types" "^0.1.5"
  optionalDependencies:
    "@swc/core-darwin-arm64" "1.3.96"
    "@swc/core-darwin-x64" "1.3.96"
    "@swc/core-linux-arm-gnueabihf" "1.3.96"
    "@swc/core-linux-arm64-gnu" "1.3.96"
    "@swc/core-linux-arm64-musl" "1.3.96"
    "@swc/core-linux-x64-gnu" "1.3.96"
    "@swc/core-linux-x64-musl" "1.3.96"
    "@swc/core-win32-arm64-msvc" "1.3.96"
    "@swc/core-win32-ia32-msvc" "1.3.96"
    "@swc/core-win32-x64-msvc" "1.3.96"

"@swc/counter@^0.1.1":
  "integrity" "sha512-9F4ys4C74eSTEUNndnER3VJ15oru2NumfQxS8geE+f3eB5xvfxpWyqE5XlVnxb/R14uoXi6SLbBwwiDSkv+XEw=="
  "resolved" "https://registry.npmjs.org/@swc/counter/-/counter-0.1.2.tgz"
  "version" "0.1.2"

"@swc/types@^0.1.5":
  "integrity" "sha512-myfUej5naTBWnqOCc/MdVOLVjXUXtIA+NpDrDBKJtLLg2shUjBu3cZmB/85RyitKc55+lUUyl7oRfLOvkr2hsw=="
  "resolved" "https://registry.npmjs.org/@swc/types/-/types-0.1.5.tgz"
  "version" "0.1.5"

"@types/css-font-loading-module@^0.0.12":
  "integrity" "sha512-x2tZZYkSxXqWvTDgveSynfjq/T2HyiZHXb00j/+gy19yp70PHCizM48XFdjBCWH7eHBD0R5i/pw9yMBP/BH5uA=="
  "resolved" "https://registry.npmjs.org/@types/css-font-loading-module/-/css-font-loading-module-0.0.12.tgz"
  "version" "0.0.12"

"@types/earcut@^2.1.0":
  "integrity" "sha512-qp3m9PPz4gULB9MhjGID7wpo3gJ4bTGXm7ltNDsmOvsPduTeHp8wSW9YckBj3mljeOh4F0m2z/0JKAALRKbmLQ=="
  "resolved" "https://registry.npmjs.org/@types/earcut/-/earcut-2.1.4.tgz"
  "version" "2.1.4"

"@types/prop-types@*":
  "integrity" "sha512-mxSnDQxPqsZxmeShFH+uwQ4kO4gcJcGahjjMFeLbKE95IAZiiZyiEepGZjtXJ7hN/yfu0bu9xN2ajcU0JcxX6A=="
  "resolved" "https://registry.npmjs.org/@types/prop-types/-/prop-types-15.7.10.tgz"
  "version" "15.7.10"

"@types/react-dom@^18.0.10":
  "integrity" "sha512-HWMdW+7r7MR5+PZqJF6YFNSCtjz1T0dsvo/f1BV6HkV+6erD/nA7wd9NM00KVG83zf2nJ7uATPO9ttdIPvi3gg=="
  "resolved" "https://registry.npmjs.org/@types/react-dom/-/react-dom-18.2.15.tgz"
  "version" "18.2.15"
  dependencies:
    "@types/react" "*"

"@types/react@*", "@types/react@^18.0.27":
  "integrity" "sha512-RGAYMi2bhRgEXT3f4B92WTohopH6bIXw05FuGlmJEnv/omEn190+QYEIYxIAuIBdKgboYYdVved2p1AxZVQnaw=="
  "resolved" "https://registry.npmjs.org/@types/react/-/react-18.2.37.tgz"
  "version" "18.2.37"
  dependencies:
    "@types/prop-types" "*"
    "@types/scheduler" "*"
    "csstype" "^3.0.2"

"@types/scheduler@*":
  "integrity" "sha512-Vlktnchmkylvc9SnwwwozTv04L/e1NykF5vgoQ0XTmI8DD+wxfjQuHuvHS3p0r2jz2x2ghPs2h1FVeDirIteWA=="
  "resolved" "https://registry.npmjs.org/@types/scheduler/-/scheduler-0.16.6.tgz"
  "version" "0.16.6"

"@vitejs/plugin-react-swc@^3.0.0":
  "integrity" "sha512-1PrOvAaDpqlCV+Up8RkAh9qaiUjoDUcjtttyhXDKw53XA6Ve16SOp6cCOpRs8Dj8DqUQs6eTW5YkLcLJjrXAig=="
  "resolved" "https://registry.npmjs.org/@vitejs/plugin-react-swc/-/plugin-react-swc-3.5.0.tgz"
  "version" "3.5.0"
  dependencies:
    "@swc/core" "^1.3.96"

"accepts@~1.3.8":
  "integrity" "sha512-PYAthTa2m2VKxuvSD3DPC/Gy+U+sOA1LAuT8mkmRuvw+NACSaeXEQ+NHcVF7rONl6qcaxV3Uuemwawk+7+SJLw=="
  "resolved" "https://registry.npmjs.org/accepts/-/accepts-1.3.8.tgz"
  "version" "1.3.8"
  dependencies:
    "mime-types" "~2.1.34"
    "negotiator" "0.6.3"

"ansi-regex@^5.0.1":
  "integrity" "sha512-quJQXlTSUGL2LH9SUXo8VwsY4soanhgo6LNSm84E1LBcE8s3O0wpdiRzyR9z/ZZJMlMWv37qOOb9pdJlMUEKFQ=="
  "resolved" "https://registry.npmjs.org/ansi-regex/-/ansi-regex-5.0.1.tgz"
  "version" "5.0.1"

"ansi-styles@^4.0.0", "ansi-styles@^4.1.0":
  "integrity" "sha512-zbB9rCJAT1rbjiVDb2hqKFHNYLxgtk8NURxZ3IZwD3F6NtxbXZQCnnSi1Lkx+IDohdPlFp222wVALIheZJQSEg=="
  "resolved" "https://registry.npmjs.org/ansi-styles/-/ansi-styles-4.3.0.tgz"
  "version" "4.3.0"
  dependencies:
    "color-convert" "^2.0.1"

"array-flatten@1.1.1":
  "integrity" "sha512-PCVAQswWemu6UdxsDFFX/+gVeYqKAod3D3UVm91jHwynguOwAvYPhx8nNlM++NqRcK6CxxpUafjmhIdKiHibqg=="
  "resolved" "https://registry.npmjs.org/array-flatten/-/array-flatten-1.1.1.tgz"
  "version" "1.1.1"

"body-parser@1.20.1":
  "integrity" "sha512-jWi7abTbYwajOytWCQc37VulmWiRae5RyTpaCyDcS5/lMdtwSz5lOpDE67srw/HYe35f1z3fDQw+3txg7gNtWw=="
  "resolved" "https://registry.npmjs.org/body-parser/-/body-parser-1.20.1.tgz"
  "version" "1.20.1"
  dependencies:
    "bytes" "3.1.2"
    "content-type" "~1.0.4"
    "debug" "2.6.9"
    "depd" "2.0.0"
    "destroy" "1.2.0"
    "http-errors" "2.0.0"
    "iconv-lite" "0.4.24"
    "on-finished" "2.4.1"
    "qs" "6.11.0"
    "raw-body" "2.5.1"
    "type-is" "~1.6.18"
    "unpipe" "1.0.0"

"bytes@3.1.2":
  "integrity" "sha512-/Nf7TyzTx6S3yRJObOAV7956r8cr2+Oj8AC5dt8wSP3BQAoeX58NoHyCU8P8zGkNXStjTSi6fzO6F0pBdcYbEg=="
  "resolved" "https://registry.npmjs.org/bytes/-/bytes-3.1.2.tgz"
  "version" "3.1.2"

"call-bind@^1.0.7":
  "integrity" "sha512-GHTSNSYICQ7scH7sZ+M2rFopRoLh8t2bLSW6BbgrtLsahOIB5iyAVJf9GjWK3cYTDaMj4XdBpM1cA6pIS0Kv2w=="
  "resolved" "https://registry.npmjs.org/call-bind/-/call-bind-1.0.7.tgz"
  "version" "1.0.7"
  dependencies:
    "es-define-property" "^1.0.0"
    "es-errors" "^1.3.0"
    "function-bind" "^1.1.2"
    "get-intrinsic" "^1.2.4"
    "set-function-length" "^1.2.1"

"chalk@^4.1.2":
  "integrity" "sha512-oKnbhFyRIXpUuez8iBMmyEa4nbj4IOQyuhc/wy9kY7/WVPcwIO9VA668Pu8RkO7+0G76SLROeyw9CpQ061i4mA=="
  "resolved" "https://registry.npmjs.org/chalk/-/chalk-4.1.2.tgz"
  "version" "4.1.2"
  dependencies:
    "ansi-styles" "^4.1.0"
    "supports-color" "^7.1.0"

"cliui@^8.0.1":
  "integrity" "sha512-BSeNnyus75C4//NQ9gQt1/csTXyo/8Sb+afLAkzAptFuMsod9HFokGNudZpi/oQV73hnVK+sR+5PVRMd+Dr7YQ=="
  "resolved" "https://registry.npmjs.org/cliui/-/cliui-8.0.1.tgz"
  "version" "8.0.1"
  dependencies:
    "string-width" "^4.2.0"
    "strip-ansi" "^6.0.1"
    "wrap-ansi" "^7.0.0"

"color-convert@^2.0.1":
  "integrity" "sha512-RRECPsj7iu/xb5oKYcsFHSppFNnsj/52OVTRKb4zP5onXwVF3zVmmToNcOfGC+CRDpfK/U584fMg38ZHCaElKQ=="
  "resolved" "https://registry.npmjs.org/color-convert/-/color-convert-2.0.1.tgz"
  "version" "2.0.1"
  dependencies:
    "color-name" "~1.1.4"

"color-name@~1.1.4":
  "integrity" "sha512-dOy+3AuW3a2wNbZHIuMZpTcgjGuLU/uBL/ubcZF9OXbDo8ff4O8yVp5Bf0efS8uEoYo5q4Fx7dY9OgQGXgAsQA=="
  "resolved" "https://registry.npmjs.org/color-name/-/color-name-1.1.4.tgz"
  "version" "1.1.4"

"concurrently@^8.2.2":
  "integrity" "sha512-1dP4gpXFhei8IOtlXRE/T/4H88ElHgTiUzh71YUmtjTEHMSRS2Z/fgOxHSxxusGHogsRfxNq1vyAwxSC+EVyDg=="
  "resolved" "https://registry.npmjs.org/concurrently/-/concurrently-8.2.2.tgz"
  "version" "8.2.2"
  dependencies:
    "chalk" "^4.1.2"
    "date-fns" "^2.30.0"
    "lodash" "^4.17.21"
    "rxjs" "^7.8.1"
    "shell-quote" "^1.8.1"
    "spawn-command" "0.0.2"
    "supports-color" "^8.1.1"
    "tree-kill" "^1.2.2"
    "yargs" "^17.7.2"

"content-disposition@0.5.4":
  "integrity" "sha512-FveZTNuGw04cxlAiWbzi6zTAL/lhehaWbTtgluJh4/E95DqMwTmha3KZN1aAWA8cFIhHzMZUvLevkw5Rqk+tSQ=="
  "resolved" "https://registry.npmjs.org/content-disposition/-/content-disposition-0.5.4.tgz"
  "version" "0.5.4"
  dependencies:
    "safe-buffer" "5.2.1"

"content-type@~1.0.4":
  "integrity" "sha512-nTjqfcBFEipKdXCv4YDQWCfmcLZKm81ldF0pAopTvyrFGVbcR6P/VAAd5G7N+0tTr8QqiU0tFadD6FK4NtJwOA=="
  "resolved" "https://registry.npmjs.org/content-type/-/content-type-1.0.5.tgz"
  "version" "1.0.5"

"cookie-signature@1.0.6":
  "integrity" "sha512-QADzlaHc8icV8I7vbaJXJwod9HWYp8uCqf1xa4OfNu1T7JVxQIrUgOWtHdNDtPiywmFbiS12VjotIXLrKM3orQ=="
  "resolved" "https://registry.npmjs.org/cookie-signature/-/cookie-signature-1.0.6.tgz"
  "version" "1.0.6"

"cookie@0.5.0":
  "integrity" "sha512-YZ3GUyn/o8gfKJlnlX7g7xq4gyO6OSuhGPKaaGssGB2qgDUS0gPgtTvoyZLTt9Ab6dC4hfc9dV5arkvc/OCmrw=="
  "resolved" "https://registry.npmjs.org/cookie/-/cookie-0.5.0.tgz"
  "version" "0.5.0"

"csstype@^3.0.2":
  "integrity" "sha512-I7K1Uu0MBPzaFKg4nI5Q7Vs2t+3gWWW648spaF+Rg7pI9ds18Ugn+lvg4SHczUdKlHI5LWBXyqfS8+DufyBsgQ=="
  "resolved" "https://registry.npmjs.org/csstype/-/csstype-3.1.2.tgz"
  "version" "3.1.2"

"date-fns@^2.30.0":
  "integrity" "sha512-fnULvOpxnC5/Vg3NCiWelDsLiUc9bRwAPs/+LfTLNvetFCtCTN+yQz15C/fs4AwX1R9K5GLtLfn8QW+dWisaAw=="
  "resolved" "https://registry.npmjs.org/date-fns/-/date-fns-2.30.0.tgz"
  "version" "2.30.0"
  dependencies:
    "@babel/runtime" "^7.21.0"

"debug@2.6.9":
  "integrity" "sha512-bC7ElrdJaJnPbAP+1EotYvqZsb3ecl5wi6Bfi6BJTUcNowp6cvspg0jXznRTKDjm/E7AdgFBVeAPVMNcKGsHMA=="
  "resolved" "https://registry.npmjs.org/debug/-/debug-2.6.9.tgz"
  "version" "2.6.9"
  dependencies:
    "ms" "2.0.0"

"define-data-property@^1.1.4":
  "integrity" "sha512-rBMvIzlpA8v6E+SJZoo++HAYqsLrkg7MSfIinMPFhmkorw7X+dOXVJQs+QT69zGkzMyfDnIMN2Wid1+NbL3T+A=="
  "resolved" "https://registry.npmjs.org/define-data-property/-/define-data-property-1.1.4.tgz"
  "version" "1.1.4"
  dependencies:
    "es-define-property" "^1.0.0"
    "es-errors" "^1.3.0"
    "gopd" "^1.0.1"

"depd@2.0.0":
  "integrity" "sha512-g7nH6P6dyDioJogAAGprGpCtVImJhpPk/roCzdb3fIh61/s/nPsfR6onyMwkCAR/OlC3yBC0lESvUoQEAssIrw=="
  "resolved" "https://registry.npmjs.org/depd/-/depd-2.0.0.tgz"
  "version" "2.0.0"

"destroy@1.2.0":
  "integrity" "sha512-2sJGJTaXIIaR1w4iJSNoN0hnMY7Gpc/n8D4qSCJw8QqFWXf7cuAgnEHxBpweaVcPevC2l3KpjYCx3NypQQgaJg=="
  "resolved" "https://registry.npmjs.org/destroy/-/destroy-1.2.0.tgz"
  "version" "1.2.0"

"earcut@^2.2.4":
  "integrity" "sha512-/pjZsA1b4RPHbeWZQn66SWS8nZZWLQQ23oE3Eam7aroEFGEvwKAsJfZ9ytiEMycfzXWpca4FA9QIOehf7PocBQ=="
  "resolved" "https://registry.npmjs.org/earcut/-/earcut-2.2.4.tgz"
  "version" "2.2.4"

"ee-first@1.1.1":
  "integrity" "sha512-WMwm9LhRUo+WUaRN+vRuETqG89IgZphVSNkdFgeb6sS/E4OrDIN7t48CAewSHXc6C8lefD8KKfr5vY61brQlow=="
  "resolved" "https://registry.npmjs.org/ee-first/-/ee-first-1.1.1.tgz"
  "version" "1.1.1"

"emoji-regex@^8.0.0":
  "integrity" "sha512-MSjYzcWNOA0ewAHpz0MxpYFvwg6yjy1NG3xteoqz644VCo/RPgnr1/GGt+ic3iJTzQ8Eu3TdM14SawnVUmGE6A=="
  "resolved" "https://registry.npmjs.org/emoji-regex/-/emoji-regex-8.0.0.tgz"
  "version" "8.0.0"

"encodeurl@~1.0.2":
  "integrity" "sha512-TPJXq8JqFaVYm2CWmPvnP2Iyo4ZSM7/QKcSmuMLDObfpH5fi7RUGmd/rTDf+rut/saiDiQEeVTNgAmJEdAOx0w=="
  "resolved" "https://registry.npmjs.org/encodeurl/-/encodeurl-1.0.2.tgz"
  "version" "1.0.2"

"es-define-property@^1.0.0":
  "integrity" "sha512-jxayLKShrEqqzJ0eumQbVhTYQM27CfT1T35+gCgDFoL82JLsXqTJ76zv6A0YLOgEnLUMvLzsDsGIrl8NFpT2gQ=="
  "resolved" "https://registry.npmjs.org/es-define-property/-/es-define-property-1.0.0.tgz"
  "version" "1.0.0"
  dependencies:
    "get-intrinsic" "^1.2.4"

"es-errors@^1.3.0":
  "integrity" "sha512-Zf5H2Kxt2xjTvbJvP2ZWLEICxA6j+hAmMzIlypy4xcBg1vKVnx89Wy0GbS+kf5cwCVFFzdCFh2XSCFNULS6csw=="
  "resolved" "https://registry.npmjs.org/es-errors/-/es-errors-1.3.0.tgz"
  "version" "1.3.0"

"esbuild@^0.18.10":
  "integrity" "sha512-ceqxoedUrcayh7Y7ZX6NdbbDzGROiyVBgC4PriJThBKSVPWnnFHZAkfI1lJT8QFkOwH4qOS2SJkS4wvpGl8BpA=="
  "resolved" "https://registry.npmjs.org/esbuild/-/esbuild-0.18.20.tgz"
  "version" "0.18.20"
  optionalDependencies:
    "@esbuild/android-arm" "0.18.20"
    "@esbuild/android-arm64" "0.18.20"
    "@esbuild/android-x64" "0.18.20"
    "@esbuild/darwin-arm64" "0.18.20"
    "@esbuild/darwin-x64" "0.18.20"
    "@esbuild/freebsd-arm64" "0.18.20"
    "@esbuild/freebsd-x64" "0.18.20"
    "@esbuild/linux-arm" "0.18.20"
    "@esbuild/linux-arm64" "0.18.20"
    "@esbuild/linux-ia32" "0.18.20"
    "@esbuild/linux-loong64" "0.18.20"
    "@esbuild/linux-mips64el" "0.18.20"
    "@esbuild/linux-ppc64" "0.18.20"
    "@esbuild/linux-riscv64" "0.18.20"
    "@esbuild/linux-s390x" "0.18.20"
    "@esbuild/linux-x64" "0.18.20"
    "@esbuild/netbsd-x64" "0.18.20"
    "@esbuild/openbsd-x64" "0.18.20"
    "@esbuild/sunos-x64" "0.18.20"
    "@esbuild/win32-arm64" "0.18.20"
    "@esbuild/win32-ia32" "0.18.20"
    "@esbuild/win32-x64" "0.18.20"

"escalade@^3.1.1":
  "integrity" "sha512-k0er2gUkLf8O0zKJiAhmkTnJlTvINGv7ygDNPbeIsX/TJjGJZHuh9B2UxbsaEkmlEo9MfhrSzmhIlhRlI2GXnw=="
  "resolved" "https://registry.npmjs.org/escalade/-/escalade-3.1.1.tgz"
  "version" "3.1.1"

"escape-html@~1.0.3":
  "integrity" "sha512-NiSupZ4OeuGwr68lGIeym/ksIZMJodUGOSCZ/FSnTxcrekbvqrgdUxlJOMpijaKZVjAJrWrGs/6Jy8OMuyj9ow=="
  "resolved" "https://registry.npmjs.org/escape-html/-/escape-html-1.0.3.tgz"
  "version" "1.0.3"

"etag@~1.8.1":
  "integrity" "sha512-aIL5Fx7mawVa300al2BnEE4iNvo1qETxLrPI/o05L7z6go7fCw1J6EQmbK4FmJ2AS7kgVF/KEZWufBfdClMcPg=="
  "resolved" "https://registry.npmjs.org/etag/-/etag-1.8.1.tgz"
  "version" "1.8.1"

"eventemitter3@^4.0.0":
  "integrity" "sha512-8guHBZCwKnFhYdHr2ysuRWErTwhoN2X8XELRlrRwpmfeY2jjuUN4taQMsULKUVo1K4DvZl+0pgfyoysHxvmvEw=="
  "resolved" "https://registry.npmjs.org/eventemitter3/-/eventemitter3-4.0.7.tgz"
  "version" "4.0.7"

"express@^4.18.2":
  "integrity" "sha512-5/PsL6iGPdfQ/lKM1UuielYgv3BUoJfz1aUwU9vHZ+J7gyvwdQXFEBIEIaxeGf0GIcreATNyBExtalisDbuMqQ=="
  "resolved" "https://registry.npmjs.org/express/-/express-4.18.2.tgz"
  "version" "4.18.2"
  dependencies:
    "accepts" "~1.3.8"
    "array-flatten" "1.1.1"
    "body-parser" "1.20.1"
    "content-disposition" "0.5.4"
    "content-type" "~1.0.4"
    "cookie" "0.5.0"
    "cookie-signature" "1.0.6"
    "debug" "2.6.9"
    "depd" "2.0.0"
    "encodeurl" "~1.0.2"
    "escape-html" "~1.0.3"
    "etag" "~1.8.1"
    "finalhandler" "1.2.0"
    "fresh" "0.5.2"
    "http-errors" "2.0.0"
    "merge-descriptors" "1.0.1"
    "methods" "~1.1.2"
    "on-finished" "2.4.1"
    "parseurl" "~1.3.3"
    "path-to-regexp" "0.1.7"
    "proxy-addr" "~2.0.7"
    "qs" "6.11.0"
    "range-parser" "~1.2.1"
    "safe-buffer" "5.2.1"
    "send" "0.18.0"
    "serve-static" "1.15.0"
    "setprototypeof" "1.2.0"
    "statuses" "2.0.1"
    "type-is" "~1.6.18"
    "utils-merge" "1.0.1"
    "vary" "~1.1.2"

"finalhandler@1.2.0":
  "integrity" "sha512-5uXcUVftlQMFnWC9qu/svkWv3GTd2PfUhK/3PLkYNAe7FbqJMt3515HaxE6eRL74GdsriiwujiawdaB1BpEISg=="
  "resolved" "https://registry.npmjs.org/finalhandler/-/finalhandler-1.2.0.tgz"
  "version" "1.2.0"
  dependencies:
    "debug" "2.6.9"
    "encodeurl" "~1.0.2"
    "escape-html" "~1.0.3"
    "on-finished" "2.4.1"
    "parseurl" "~1.3.3"
    "statuses" "2.0.1"
    "unpipe" "~1.0.0"

"forwarded@0.2.0":
  "integrity" "sha512-buRG0fpBtRHSTCOASe6hD258tEubFoRLb4ZNA6NxMVHNw2gOcwHo9wyablzMzOA5z9xA9L1KNjk/Nt6MT9aYow=="
  "resolved" "https://registry.npmjs.org/forwarded/-/forwarded-0.2.0.tgz"
  "version" "0.2.0"

"fresh@0.5.2":
  "integrity" "sha512-zJ2mQYM18rEFOudeV4GShTGIQ7RbzA7ozbU9I/XBpm7kqgMywgmylMwXHxZJmkVoYkna9d2pVXVXPdYTP9ej8Q=="
  "resolved" "https://registry.npmjs.org/fresh/-/fresh-0.5.2.tgz"
  "version" "0.5.2"

"function-bind@^1.1.2":
  "integrity" "sha512-7XHNxH7qX9xG5mIwxkhumTox/MIRNcOgDrxWsMt2pAr23WHp6MrRlN7FBSFpCpr+oVO0F744iUgR82nJMfG2SA=="
  "resolved" "https://registry.npmjs.org/function-bind/-/function-bind-1.1.2.tgz"
  "version" "1.1.2"

"get-caller-file@^2.0.5":
  "integrity" "sha512-DyFP3BM/3YHTQOCUL/w0OZHR0lpKeGrxotcHWcqNEdnltqFwXVfhEBQ94eIo34AfQpo0rGki4cyIiftY06h2Fg=="
  "resolved" "https://registry.npmjs.org/get-caller-file/-/get-caller-file-2.0.5.tgz"
  "version" "2.0.5"

"get-intrinsic@^1.1.3", "get-intrinsic@^1.2.4":
  "integrity" "sha512-5uYhsJH8VJBTv7oslg4BznJYhDoRI6waYCxMmCdnTrcCrHA/fCFKoTFz2JKKE0HdDFUF7/oQuhzumXJK7paBRQ=="
  "resolved" "https://registry.npmjs.org/get-intrinsic/-/get-intrinsic-1.2.4.tgz"
  "version" "1.2.4"
  dependencies:
    "es-errors" "^1.3.0"
    "function-bind" "^1.1.2"
    "has-proto" "^1.0.1"
    "has-symbols" "^1.0.3"
    "hasown" "^2.0.0"

"gopd@^1.0.1":
  "integrity" "sha512-d65bNlIadxvpb/A2abVdlqKqV563juRnZ1Wtk6s1sIR8uNsXR70xqIzVqxVf1eTqDunwT2MkczEeaezCKTZhwA=="
  "resolved" "https://registry.npmjs.org/gopd/-/gopd-1.0.1.tgz"
  "version" "1.0.1"
  dependencies:
    "get-intrinsic" "^1.1.3"

"has-flag@^4.0.0":
  "integrity" "sha512-EykJT/Q1KjTWctppgIAgfSO0tKVuZUjhgMr17kqTumMl6Afv3EISleU7qZUzoXDFTAHTDC4NOoG/ZxU3EvlMPQ=="
  "resolved" "https://registry.npmjs.org/has-flag/-/has-flag-4.0.0.tgz"
  "version" "4.0.0"

"has-property-descriptors@^1.0.2":
  "integrity" "sha512-55JNKuIW+vq4Ke1BjOTjM2YctQIvCT7GFzHwmfZPGo5wnrgkid0YQtnAleFSqumZm4az3n2BS+erby5ipJdgrg=="
  "resolved" "https://registry.npmjs.org/has-property-descriptors/-/has-property-descriptors-1.0.2.tgz"
  "version" "1.0.2"
  dependencies:
    "es-define-property" "^1.0.0"

"has-proto@^1.0.1":
  "integrity" "sha512-SJ1amZAJUiZS+PhsVLf5tGydlaVB8EdFpaSO4gmiUKUOxk8qzn5AIy4ZeJUmh22znIdk/uMAUT2pl3FxzVUH+Q=="
  "resolved" "https://registry.npmjs.org/has-proto/-/has-proto-1.0.3.tgz"
  "version" "1.0.3"

"has-symbols@^1.0.3":
  "integrity" "sha512-l3LCuF6MgDNwTDKkdYGEihYjt5pRPbEg46rtlmnSPlUbgmB8LOIrKJbYYFBSbnPaJexMKtiPO8hmeRjRz2Td+A=="
  "resolved" "https://registry.npmjs.org/has-symbols/-/has-symbols-1.0.3.tgz"
  "version" "1.0.3"

"hasown@^2.0.0":
  "integrity" "sha512-0hJU9SCPvmMzIBdZFqNPXWa6dqh7WdH0cII9y+CyS8rG3nL48Bclra9HmKhVVUHyPWNH5Y7xDwAB7bfgSjkUMQ=="
  "resolved" "https://registry.npmjs.org/hasown/-/hasown-2.0.2.tgz"
  "version" "2.0.2"
  dependencies:
    "function-bind" "^1.1.2"

"http-errors@2.0.0":
  "integrity" "sha512-FtwrG/euBzaEjYeRqOgly7G0qviiXoJWnvEH2Z1plBdXgbyjv34pHTSb9zoeHMyDy33+DWy5Wt9Wo+TURtOYSQ=="
  "resolved" "https://registry.npmjs.org/http-errors/-/http-errors-2.0.0.tgz"
  "version" "2.0.0"
  dependencies:
    "depd" "2.0.0"
    "inherits" "2.0.4"
    "setprototypeof" "1.2.0"
    "statuses" "2.0.1"
    "toidentifier" "1.0.1"

"iconv-lite@0.4.24":
  "integrity" "sha512-v3MXnZAcvnywkTUEZomIActle7RXXeedOR31wwl7VlyoXO4Qi9arvSenNQWne1TcRwhCL1HwLI21bEqdpj8/rA=="
  "resolved" "https://registry.npmjs.org/iconv-lite/-/iconv-lite-0.4.24.tgz"
  "version" "0.4.24"
  dependencies:
    "safer-buffer" ">= 2.1.2 < 3"

"inherits@2.0.4":
  "integrity" "sha512-k/vGaX4/Yla3WzyMCvTQOXYeIHvqOKtnqBduzTHpzpQZzAskKMhZ2K+EnBiSM9zGSoIFeMpXKxa4dYeZIQqewQ=="
  "resolved" "https://registry.npmjs.org/inherits/-/inherits-2.0.4.tgz"
  "version" "2.0.4"

"ipaddr.js@1.9.1":
  "integrity" "sha512-0KI/607xoxSToH7GjN1FfSbLoU0+btTicjsQSWQlh/hZykN8KpmMf7uYwPW3R+akZ6R/w18ZlXSHBYXiYUPO3g=="
  "resolved" "https://registry.npmjs.org/ipaddr.js/-/ipaddr.js-1.9.1.tgz"
  "version" "1.9.1"

"is-fullwidth-code-point@^3.0.0":
  "integrity" "sha512-zymm5+u+sCsSWyD9qNaejV3DFvhCKclKdizYaJUuHA83RLjb7nSuGnddCHGv0hk+KY7BMAlsWeK4Ueg6EV6XQg=="
  "resolved" "https://registry.npmjs.org/is-fullwidth-code-point/-/is-fullwidth-code-point-3.0.0.tgz"
  "version" "3.0.0"

"ismobilejs@^1.1.0":
  "integrity" "sha512-VaFW53yt8QO61k2WJui0dHf4SlL8lxBofUuUmwBo0ljPk0Drz2TiuDW4jo3wDcv41qy/SxrJ+VAzJ/qYqsmzRw=="
  "resolved" "https://registry.npmjs.org/ismobilejs/-/ismobilejs-1.1.1.tgz"
  "version" "1.1.1"

"js-tokens@^3.0.0 || ^4.0.0":
  "integrity" "sha512-RdJUflcE3cUzKiMqQgsCu06FPu9UdIJO0beYbPhHN4k6apgJtifcoCtT9bcxOpYBtpD2kCM6Sbzg4CausW/PKQ=="
  "resolved" "https://registry.npmjs.org/js-tokens/-/js-tokens-4.0.0.tgz"
  "version" "4.0.0"

"lodash@^4.17.21":
  "integrity" "sha512-v2kDEe57lecTulaDIuNTPy3Ry4gLGJ6Z1O3vE1krgXZNrsQ+LFTGHVxVjcXPs17LhbZVGedAJv8XZ1tvj5FvSg=="
  "resolved" "https://registry.npmjs.org/lodash/-/lodash-4.17.21.tgz"
  "version" "4.17.21"

"loose-envify@^1.1.0":
  "integrity" "sha512-lyuxPGr/Wfhrlem2CL/UcnUc1zcqKAImBDzukY7Y5F/yQiNdko6+fRLevlw1HgMySw7f611UIY408EtxRSoK3Q=="
  "resolved" "https://registry.npmjs.org/loose-envify/-/loose-envify-1.4.0.tgz"
  "version" "1.4.0"
  dependencies:
    "js-tokens" "^3.0.0 || ^4.0.0"

"media-typer@0.3.0":
  "integrity" "sha512-dq+qelQ9akHpcOl/gUVRTxVIOkAJ1wR3QAvb4RsVjS8oVoFjDGTc679wJYmUmknUF5HwMLOgb5O+a3KxfWapPQ=="
  "resolved" "https://registry.npmjs.org/media-typer/-/media-typer-0.3.0.tgz"
  "version" "0.3.0"

"merge-descriptors@1.0.1":
  "integrity" "sha512-cCi6g3/Zr1iqQi6ySbseM1Xvooa98N0w31jzUYrXPX2xqObmFGHJ0tQ5u74H3mVh7wLouTseZyYIq39g8cNp1w=="
  "resolved" "https://registry.npmjs.org/merge-descriptors/-/merge-descriptors-1.0.1.tgz"
  "version" "1.0.1"

"methods@~1.1.2":
  "integrity" "sha512-iclAHeNqNm68zFtnZ0e+1L2yUIdvzNoauKU4WBA3VvH/vPFieF7qfRlwUZU+DA9P9bPXIS90ulxoUoCH23sV2w=="
  "resolved" "https://registry.npmjs.org/methods/-/methods-1.1.2.tgz"
  "version" "1.1.2"

"mime-db@1.52.0":
  "integrity" "sha512-sPU4uV7dYlvtWJxwwxHD0PuihVNiE7TyAbQ5SWxDCB9mUYvOgroQOwYQQOKPJ8CIbE+1ETVlOoK1UC2nU3gYvg=="
  "resolved" "https://registry.npmjs.org/mime-db/-/mime-db-1.52.0.tgz"
  "version" "1.52.0"

"mime-types@~2.1.24", "mime-types@~2.1.34":
  "integrity" "sha512-ZDY+bPm5zTTF+YpCrAU9nK0UgICYPT0QtT1NZWFv4s++TNkcgVaT0g6+4R2uI4MjQjzysHB1zxuWL50hzaeXiw=="
  "resolved" "https://registry.npmjs.org/mime-types/-/mime-types-2.1.35.tgz"
  "version" "2.1.35"
  dependencies:
    "mime-db" "1.52.0"

"mime@1.6.0":
  "integrity" "sha512-x0Vn8spI+wuJ1O6S7gnbaQg8Pxh4NNHb7KSINmEWKiPE4RKOplvijn+NkmYmmRgP68mc70j2EbeTFRsrswaQeg=="
  "resolved" "https://registry.npmjs.org/mime/-/mime-1.6.0.tgz"
  "version" "1.6.0"

"ms@2.0.0":
  "integrity" "sha512-Tpp60P6IUJDTuOq/5Z8cdskzJujfwqfOTkrwIwj7IRISpnkJnT6SyJ4PCPnGMoFjC9ddhal5KVIYtAt97ix05A=="
  "resolved" "https://registry.npmjs.org/ms/-/ms-2.0.0.tgz"
  "version" "2.0.0"

"ms@2.1.3":
  "integrity" "sha512-6FlzubTLZG3J2a/NVCAleEhjzq5oxgHyaCU9yYXvcLsvoVaHJq/s5xXI6/XXP6tz7R9xAOtHnSO/tXtF3WRTlA=="
  "resolved" "https://registry.npmjs.org/ms/-/ms-2.1.3.tgz"
  "version" "2.1.3"

"nanoid@^3.3.6":
  "integrity" "sha512-eSRppjcPIatRIMC1U6UngP8XFcz8MQWGQdt1MTBQ7NaAmvXDfvNxbvWV3x2y6CdEUciCSsDHDQZbhYaB8QEo2g=="
  "resolved" "https://registry.npmjs.org/nanoid/-/nanoid-3.3.7.tgz"
  "version" "3.3.7"

"negotiator@0.6.3":
  "integrity" "sha512-+EUsqGPLsM+j/zdChZjsnX51g4XrHFOIXwfnCVPGlQk/k5giakcKsuxCObBRu6DSm9opw/O6slWbJdghQM4bBg=="
  "resolved" "https://registry.npmjs.org/negotiator/-/negotiator-0.6.3.tgz"
  "version" "0.6.3"

"object-inspect@^1.13.1":
  "integrity" "sha512-5qoj1RUiKOMsCCNLV1CBiPYE10sziTsnmNxkAI/rZhiD63CF7IqdFGC/XzjWjpSgLf0LxXX3bDFIh0E18f6UhQ=="
  "resolved" "https://registry.npmjs.org/object-inspect/-/object-inspect-1.13.1.tgz"
  "version" "1.13.1"

"on-finished@2.4.1":
  "integrity" "sha512-oVlzkg3ENAhCk2zdv7IJwd/QUD4z2RxRwpkcGY8psCVcCYZNq4wYnVWALHM+brtuJjePWiYF/ClmuDr8Ch5+kg=="
  "resolved" "https://registry.npmjs.org/on-finished/-/on-finished-2.4.1.tgz"
  "version" "2.4.1"
  dependencies:
    "ee-first" "1.1.1"

"parseurl@~1.3.3":
  "integrity" "sha512-CiyeOxFT/JZyN5m0z9PfXw4SCBJ6Sygz1Dpl0wqjlhDEGGBP1GnsUVEL0p63hoG1fcj3fHynXi9NYO4nWOL+qQ=="
  "resolved" "https://registry.npmjs.org/parseurl/-/parseurl-1.3.3.tgz"
  "version" "1.3.3"

"path-to-regexp@0.1.7":
  "integrity" "sha512-5DFkuoqlv1uYQKxy8omFBeJPQcdoE07Kv2sferDCrAq1ohOU+MSDswDIbnx3YAM60qIOnYa53wBhXW0EbMonrQ=="
  "resolved" "https://registry.npmjs.org/path-to-regexp/-/path-to-regexp-0.1.7.tgz"
  "version" "0.1.7"

"picocolors@^1.0.0":
  "integrity" "sha512-1fygroTLlHu66zi26VoTDv8yRgm0Fccecssto+MhsZ0D/DGW2sm8E8AjW7NU5VVTRt5GxbeZ5qBuJr+HyLYkjQ=="
  "resolved" "https://registry.npmjs.org/picocolors/-/picocolors-1.0.0.tgz"
  "version" "1.0.0"

"pixi.js@^7.4.2":
  "integrity" "sha512-TifqgHGNofO7UCEbdZJOpUu7dUnpu4YZ0o76kfCqxDa4RS8ITc9zjECCbtalmuNXkVhSEZmBKQvE7qhHMqw/xg=="
  "resolved" "https://registry.npmjs.org/pixi.js/-/pixi.js-7.4.2.tgz"
  "version" "7.4.2"
  dependencies:
    "@pixi/accessibility" "7.4.2"
    "@pixi/app" "7.4.2"
    "@pixi/assets" "7.4.2"
    "@pixi/compressed-textures" "7.4.2"
    "@pixi/core" "7.4.2"
    "@pixi/display" "7.4.2"
    "@pixi/events" "7.4.2"
    "@pixi/extensions" "7.4.2"
    "@pixi/extract" "7.4.2"
    "@pixi/filter-alpha" "7.4.2"
    "@pixi/filter-blur" "7.4.2"
    "@pixi/filter-color-matrix" "7.4.2"
    "@pixi/filter-displacement" "7.4.2"
    "@pixi/filter-fxaa" "7.4.2"
    "@pixi/filter-noise" "7.4.2"
    "@pixi/graphics" "7.4.2"
    "@pixi/mesh" "7.4.2"
    "@pixi/mesh-extras" "7.4.2"
    "@pixi/mixin-cache-as-bitmap" "7.4.2"
    "@pixi/mixin-get-child-by-name" "7.4.2"
    "@pixi/mixin-get-global-position" "7.4.2"
    "@pixi/particle-container" "7.4.2"
    "@pixi/prepare" "7.4.2"
    "@pixi/sprite" "7.4.2"
    "@pixi/sprite-animated" "7.4.2"
    "@pixi/sprite-tiling" "7.4.2"
    "@pixi/spritesheet" "7.4.2"
    "@pixi/text" "7.4.2"
    "@pixi/text-bitmap" "7.4.2"
    "@pixi/text-html" "7.4.2"

"pixi@^0.3.1":
  "integrity" "sha512-9ngEid+Zp6WTSnHnfy3+PX/02HXhJ3RMxolpuf7H4e8cKHl9WE3lB059v0O7op55We92ILAssAWSAQHG64cYhQ=="
  "resolved" "https://registry.npmjs.org/pixi/-/pixi-0.3.1.tgz"
  "version" "0.3.1"

"postcss@^8.4.27":
  "integrity" "sha512-PS08Iboia9mts/2ygV3eLpY5ghnUcfLV/EXTOW1E2qYxJKGGBUtNjN76FYHnMs36RmARn41bC0AZmn+rR0OVpQ=="
  "resolved" "https://registry.npmjs.org/postcss/-/postcss-8.4.31.tgz"
  "version" "8.4.31"
  dependencies:
    "nanoid" "^3.3.6"
    "picocolors" "^1.0.0"
    "source-map-js" "^1.0.2"

"proxy-addr@~2.0.7":
  "integrity" "sha512-llQsMLSUDUPT44jdrU/O37qlnifitDP+ZwrmmZcoSKyLKvtZxpyV0n2/bD/N4tBAAZ/gJEdZU7KMraoK1+XYAg=="
  "resolved" "https://registry.npmjs.org/proxy-addr/-/proxy-addr-2.0.7.tgz"
  "version" "2.0.7"
  dependencies:
    "forwarded" "0.2.0"
    "ipaddr.js" "1.9.1"

"punycode@^1.4.1":
  "integrity" "sha512-jmYNElW7yvO7TV33CjSmvSiE2yco3bV2czu/OzDKdMNVZQWfxCblURLhf+47syQRBntjfLdd/H0egrzIG+oaFQ=="
  "resolved" "https://registry.npmjs.org/punycode/-/punycode-1.4.1.tgz"
  "version" "1.4.1"

"qs@^6.11.2":
  "integrity" "sha512-zWmv4RSuB9r2mYQw3zxQuHWeU+42aKi1wWig/j4ele4ygELZ7PEO6MM7rim9oAQH2A5MWfsAVf/jPvTPgCbvUQ=="
  "resolved" "https://registry.npmjs.org/qs/-/qs-6.12.1.tgz"
  "version" "6.12.1"
  dependencies:
    "side-channel" "^1.0.6"

"qs@6.11.0":
  "integrity" "sha512-MvjoMCJwEarSbUYk5O+nmoSzSutSsTwF85zcHPQ9OrlFoZOYIjaqBAJIqIXjptyD5vThxGq52Xu/MaJzRkIk4Q=="
  "resolved" "https://registry.npmjs.org/qs/-/qs-6.11.0.tgz"
  "version" "6.11.0"
  dependencies:
    "side-channel" "^1.0.4"

"range-parser@~1.2.1":
  "integrity" "sha512-Hrgsx+orqoygnmhFbKaHE6c296J+HTAQXoxEF6gNupROmmGJRoyzfG3ccAveqCBrwr/2yxQ5BVd/GTl5agOwSg=="
  "resolved" "https://registry.npmjs.org/range-parser/-/range-parser-1.2.1.tgz"
  "version" "1.2.1"

"raw-body@2.5.1":
  "integrity" "sha512-qqJBtEyVgS0ZmPGdCFPWJ3FreoqvG4MVQln/kCgF7Olq95IbOp0/BWyMwbdtn4VTvkM8Y7khCQ2Xgk/tcrCXig=="
  "resolved" "https://registry.npmjs.org/raw-body/-/raw-body-2.5.1.tgz"
  "version" "2.5.1"
  dependencies:
    "bytes" "3.1.2"
    "http-errors" "2.0.0"
    "iconv-lite" "0.4.24"
    "unpipe" "1.0.0"

"react-dom@^18.2.0":
  "integrity" "sha512-6IMTriUmvsjHUjNtEDudZfuDQUoWXVxKHhlEGSk81n4YFS+r/Kl99wXiwlVXtPBtJenozv2P+hxDsw9eA7Xo6g=="
  "resolved" "https://registry.npmjs.org/react-dom/-/react-dom-18.2.0.tgz"
  "version" "18.2.0"
  dependencies:
    "loose-envify" "^1.1.0"
    "scheduler" "^0.23.0"

"react@^18.2.0":
  "integrity" "sha512-/3IjMdb2L9QbBdWiW5e3P2/npwMBaU9mHCSCUzNln0ZCYbcfTsGbTJrU/kGemdH2IWmB2ioZ+zkxtmq6g09fGQ=="
  "resolved" "https://registry.npmjs.org/react/-/react-18.2.0.tgz"
  "version" "18.2.0"
  dependencies:
    "loose-envify" "^1.1.0"

"regenerator-runtime@^0.14.0":
  "integrity" "sha512-srw17NI0TUWHuGa5CFGGmhfNIeja30WMBfbslPNhf6JrqQlLN5gcrvig1oqPxiVaXb0oW0XRKtH6Nngs5lKCIA=="
  "resolved" "https://registry.npmjs.org/regenerator-runtime/-/regenerator-runtime-0.14.0.tgz"
  "version" "0.14.0"

"require-directory@^2.1.1":
  "integrity" "sha512-fGxEI7+wsG9xrvdjsrlmL22OMTTiHRwAMroiEeMgq8gzoLC/PQr7RsRDSTLUg/bZAZtF+TVIkHc6/4RIKrui+Q=="
  "resolved" "https://registry.npmjs.org/require-directory/-/require-directory-2.1.1.tgz"
  "version" "2.1.1"

"rollup@^3.27.1":
  "integrity" "sha512-oWzmBZwvYrU0iJHtDmhsm662rC15FRXmcjCk1xD771dFDx5jJ02ufAQQTn0etB2emNk4J9EZg/yWKpsn9BWGRw=="
  "resolved" "https://registry.npmjs.org/rollup/-/rollup-3.29.4.tgz"
  "version" "3.29.4"
  optionalDependencies:
    "fsevents" "~2.3.2"

"rot-js@^2.2.0":
  "integrity" "sha512-DlqvRiOl3LnwTuActd+nMcj9tt9uycPaDezb2bJVDqXMdPJ2dkO3daJ5c/q+fYcKvIY9P5FUl9Tp24llClUFig=="
  "resolved" "https://registry.npmjs.org/rot-js/-/rot-js-2.2.0.tgz"
  "version" "2.2.0"

"rxjs@^7.8.1":
  "integrity" "sha512-AA3TVj+0A2iuIoQkWEK/tqFjBq2j+6PO6Y0zJcvzLAFhEFIO3HL0vls9hWLncZbAAbK0mar7oZ4V079I/qPMxg=="
  "resolved" "https://registry.npmjs.org/rxjs/-/rxjs-7.8.1.tgz"
  "version" "7.8.1"
  dependencies:
    "tslib" "^2.1.0"

"safe-buffer@5.2.1":
  "integrity" "sha512-rp3So07KcdmmKbGvgaNxQSJr7bGVSVk5S9Eq1F+ppbRo70+YeaDxkw5Dd8NPN+GD6bjnYm2VuPuCXmpuYvmCXQ=="
  "resolved" "https://registry.npmjs.org/safe-buffer/-/safe-buffer-5.2.1.tgz"
  "version" "5.2.1"

"safer-buffer@>= 2.1.2 < 3":
  "integrity" "sha512-YZo3K82SD7Riyi0E1EQPojLz7kpepnSQI9IyPbHHg1XXXevb5dJI7tpyN2ADxGcQbHG7vcyRHk0cbwqcQriUtg=="
  "resolved" "https://registry.npmjs.org/safer-buffer/-/safer-buffer-2.1.2.tgz"
  "version" "2.1.2"

"scheduler@^0.23.0":
  "integrity" "sha512-CtuThmgHNg7zIZWAXi3AsyIzA3n4xx7aNyjwC2VJldO2LMVDhFK+63xGqq6CsJH4rTAt6/M+N4GhZiDYPx9eUw=="
  "resolved" "https://registry.npmjs.org/scheduler/-/scheduler-0.23.0.tgz"
  "version" "0.23.0"
  dependencies:
    "loose-envify" "^1.1.0"

"send@0.18.0":
  "integrity" "sha512-qqWzuOjSFOuqPjFe4NOsMLafToQQwBSOEpS+FwEt3A2V3vKubTquT3vmLTQpFgMXp8AlFWFuP1qKaJZOtPpVXg=="
  "resolved" "https://registry.npmjs.org/send/-/send-0.18.0.tgz"
  "version" "0.18.0"
  dependencies:
    "debug" "2.6.9"
    "depd" "2.0.0"
    "destroy" "1.2.0"
    "encodeurl" "~1.0.2"
    "escape-html" "~1.0.3"
    "etag" "~1.8.1"
    "fresh" "0.5.2"
    "http-errors" "2.0.0"
    "mime" "1.6.0"
    "ms" "2.1.3"
    "on-finished" "2.4.1"
    "range-parser" "~1.2.1"
    "statuses" "2.0.1"

"serve-static@1.15.0":
  "integrity" "sha512-XGuRDNjXUijsUL0vl6nSD7cwURuzEgglbOaFuZM9g3kwDXOWVTck0jLzjPzGD+TazWbboZYu52/9/XPdUgne9g=="
  "resolved" "https://registry.npmjs.org/serve-static/-/serve-static-1.15.0.tgz"
  "version" "1.15.0"
  dependencies:
    "encodeurl" "~1.0.2"
    "escape-html" "~1.0.3"
    "parseurl" "~1.3.3"
    "send" "0.18.0"

"set-function-length@^1.2.1":
  "integrity" "sha512-pgRc4hJ4/sNjWCSS9AmnS40x3bNMDTknHgL5UaMBTMyJnU90EgWh1Rz+MC9eFu4BuN/UwZjKQuY/1v3rM7HMfg=="
  "resolved" "https://registry.npmjs.org/set-function-length/-/set-function-length-1.2.2.tgz"
  "version" "1.2.2"
  dependencies:
    "define-data-property" "^1.1.4"
    "es-errors" "^1.3.0"
    "function-bind" "^1.1.2"
    "get-intrinsic" "^1.2.4"
    "gopd" "^1.0.1"
    "has-property-descriptors" "^1.0.2"

"setprototypeof@1.2.0":
  "integrity" "sha512-E5LDX7Wrp85Kil5bhZv46j8jOeboKq5JMmYM3gVGdGH8xFpPWXUMsNrlODCrkoxMEeNi/XZIwuRvY4XNwYMJpw=="
  "resolved" "https://registry.npmjs.org/setprototypeof/-/setprototypeof-1.2.0.tgz"
  "version" "1.2.0"

"shell-quote@^1.8.1":
  "integrity" "sha512-6j1W9l1iAs/4xYBI1SYOVZyFcCis9b4KCLQ8fgAGG07QvzaRLVVRQvAy85yNmmZSjYjg4MWh4gNvlPujU/5LpA=="
  "resolved" "https://registry.npmjs.org/shell-quote/-/shell-quote-1.8.1.tgz"
  "version" "1.8.1"

"side-channel@^1.0.4", "side-channel@^1.0.6":
  "integrity" "sha512-fDW/EZ6Q9RiO8eFG8Hj+7u/oW+XrPTIChwCOM2+th2A6OblDtYYIpve9m+KvI9Z4C9qSEXlaGR6bTEYHReuglA=="
  "resolved" "https://registry.npmjs.org/side-channel/-/side-channel-1.0.6.tgz"
  "version" "1.0.6"
  dependencies:
    "call-bind" "^1.0.7"
    "es-errors" "^1.3.0"
    "get-intrinsic" "^1.2.4"
    "object-inspect" "^1.13.1"

"source-map-js@^1.0.2":
  "integrity" "sha512-R0XvVJ9WusLiqTCEiGCmICCMplcCkIwwR11mOSD9CR5u+IXYdiseeEuXCVAjS54zqwkLcPNnmU4OeJ6tUrWhDw=="
  "resolved" "https://registry.npmjs.org/source-map-js/-/source-map-js-1.0.2.tgz"
  "version" "1.0.2"

"spawn-command@0.0.2":
  "integrity" "sha512-zC8zGoGkmc8J9ndvml8Xksr1Amk9qBujgbF0JAIWO7kXr43w0h/0GJNM/Vustixu+YE8N/MTrQ7N31FvHUACxQ=="
  "resolved" "https://registry.npmjs.org/spawn-command/-/spawn-command-0.0.2.tgz"
  "version" "0.0.2"

"statuses@2.0.1":
  "integrity" "sha512-RwNA9Z/7PrK06rYLIzFMlaF+l73iwpzsqRIFgbMLbTcLD6cOao82TaWefPXQvB2fOC4AjuYSEndS7N/mTCbkdQ=="
  "resolved" "https://registry.npmjs.org/statuses/-/statuses-2.0.1.tgz"
  "version" "2.0.1"

"string-width@^4.1.0", "string-width@^4.2.0", "string-width@^4.2.3":
  "integrity" "sha512-wKyQRQpjJ0sIp62ErSZdGsjMJWsap5oRNihHhu6G7JVO/9jIB6UyevL+tXuOqrng8j/cxKTWyWUwvSTriiZz/g=="
  "resolved" "https://registry.npmjs.org/string-width/-/string-width-4.2.3.tgz"
  "version" "4.2.3"
  dependencies:
    "emoji-regex" "^8.0.0"
    "is-fullwidth-code-point" "^3.0.0"
    "strip-ansi" "^6.0.1"

"strip-ansi@^6.0.0", "strip-ansi@^6.0.1":
  "integrity" "sha512-Y38VPSHcqkFrCpFnQ9vuSXmquuv5oXOKpGeT6aGrr3o3Gc9AlVa6JBfUSOCnbxGGZF+/0ooI7KrPuUSztUdU5A=="
  "resolved" "https://registry.npmjs.org/strip-ansi/-/strip-ansi-6.0.1.tgz"
  "version" "6.0.1"
  dependencies:
    "ansi-regex" "^5.0.1"

"supports-color@^7.1.0":
  "integrity" "sha512-qpCAvRl9stuOHveKsn7HncJRvv501qIacKzQlO/+Lwxc9+0q2wLyv4Dfvt80/DPn2pqOBsJdDiogXGR9+OvwRw=="
  "resolved" "https://registry.npmjs.org/supports-color/-/supports-color-7.2.0.tgz"
  "version" "7.2.0"
  dependencies:
    "has-flag" "^4.0.0"

"supports-color@^8.1.1":
  "integrity" "sha512-MpUEN2OodtUzxvKQl72cUF7RQ5EiHsGvSsVG0ia9c5RbWGL2CI4C7EpPS8UTBIplnlzZiNuV56w+FuNxy3ty2Q=="
  "resolved" "https://registry.npmjs.org/supports-color/-/supports-color-8.1.1.tgz"
  "version" "8.1.1"
  dependencies:
    "has-flag" "^4.0.0"

"toidentifier@1.0.1":
  "integrity" "sha512-o5sSPKEkg/DIQNmH43V0/uerLrpzVedkUh8tGNvaeXpfpuwjKenlSox/2O/BTlZUtEe+JG7s5YhEz608PlAHRA=="
  "resolved" "https://registry.npmjs.org/toidentifier/-/toidentifier-1.0.1.tgz"
  "version" "1.0.1"

"tree-kill@^1.2.2":
  "integrity" "sha512-L0Orpi8qGpRG//Nd+H90vFB+3iHnue1zSSGmNOOCh1GLJ7rUKVwV2HvijphGQS2UmhUZewS9VgvxYIdgr+fG1A=="
  "resolved" "https://registry.npmjs.org/tree-kill/-/tree-kill-1.2.2.tgz"
  "version" "1.2.2"

"tslib@^2.1.0":
  "integrity" "sha512-AEYxH93jGFPn/a2iVAwW87VuUIkR1FVUKB77NwMF7nBTDkDrrT/Hpt/IrCJ0QXhW27jTBDcf5ZY7w6RiqTMw2Q=="
  "resolved" "https://registry.npmjs.org/tslib/-/tslib-2.6.2.tgz"
  "version" "2.6.2"

"type-is@~1.6.18":
  "integrity" "sha512-TkRKr9sUTxEH8MdfuCSP7VizJyzRNMjj2J2do2Jr3Kym598JVdEksuzPQCnlFPW4ky9Q+iA+ma9BGm06XQBy8g=="
  "resolved" "https://registry.npmjs.org/type-is/-/type-is-1.6.18.tgz"
  "version" "1.6.18"
  dependencies:
    "media-typer" "0.3.0"
    "mime-types" "~2.1.24"

"unpipe@~1.0.0", "unpipe@1.0.0":
  "integrity" "sha512-pjy2bYhSsufwWlKwPc+l3cN7+wuJlK6uz0YdJEOlQDbl6jo/YlPi4mb8agUkVC8BF7V8NuzeyPNqRksA3hztKQ=="
  "resolved" "https://registry.npmjs.org/unpipe/-/unpipe-1.0.0.tgz"
  "version" "1.0.0"

"url@^0.11.0":
  "integrity" "sha512-6hxOLGfZASQK/cijlZnZJTq8OXAkt/3YGfQX45vvMYXpZoo8NdWZcY73K108Jf759lS1Bv/8wXnHDTSz17dSRw=="
  "resolved" "https://registry.npmjs.org/url/-/url-0.11.3.tgz"
  "version" "0.11.3"
  dependencies:
    "punycode" "^1.4.1"
    "qs" "^6.11.2"

"utils-merge@1.0.1":
  "integrity" "sha512-pMZTvIkT1d+TFGvDOqodOclx0QWkkgi6Tdoa8gC8ffGAAqz9pzPTZWAybbsHHoED/ztMtkv/VoYTYyShUn81hA=="
  "resolved" "https://registry.npmjs.org/utils-merge/-/utils-merge-1.0.1.tgz"
  "version" "1.0.1"

"vary@~1.1.2":
  "integrity" "sha512-BNGbWLfd0eUPabhkXUVm0j8uuvREyTh5ovRa/dyow/BqAbZJyC+5fU+IzQOzmAKzYqYRAISoRhdQr3eIZ/PXqg=="
  "resolved" "https://registry.npmjs.org/vary/-/vary-1.1.2.tgz"
  "version" "1.1.2"

"vite-express@^0.11.0":
  "integrity" "sha512-DFacbpXu+V7J+P5FGPAQw2RY7RYy8iZCISA1zKYLgTDJgksSOMiXnZSZzg2q7gQFRFm6lCavyqsQE9pff3MGUg=="
  "resolved" "https://registry.npmjs.org/vite-express/-/vite-express-0.11.1.tgz"
  "version" "0.11.1"
  dependencies:
    "picocolors" "^1.0.0"

"vite@^4 || ^5", "vite@^4.1.0":
  "integrity" "sha512-ulr8rNLA6rkyFAlVWw2q5YJ91v098AFQ2R0PRFwPzREXOUJQPtFUG0t+/ZikhaOCDqFoDhN6/v8Sq0o4araFAw=="
  "resolved" "https://registry.npmjs.org/vite/-/vite-4.5.0.tgz"
  "version" "4.5.0"
  dependencies:
    "esbuild" "^0.18.10"
    "postcss" "^8.4.27"
    "rollup" "^3.27.1"
  optionalDependencies:
    "fsevents" "~2.3.2"

"wrap-ansi@^7.0.0":
  "integrity" "sha512-YVGIj2kamLSTxw6NsZjoBxfSwsn0ycdesmc4p+Q21c5zPuZ1pl+NfxVdxPtdHvmNVOQ6XSYG4AUtyt/Fi7D16Q=="
  "resolved" "https://registry.npmjs.org/wrap-ansi/-/wrap-ansi-7.0.0.tgz"
  "version" "7.0.0"
  dependencies:
    "ansi-styles" "^4.0.0"
    "string-width" "^4.1.0"
    "strip-ansi" "^6.0.0"

"y18n@^5.0.5":
  "integrity" "sha512-0pfFzegeDWJHJIAmTLRP2DwHjdF5s7jo9tuztdQxAhINCdvS+3nGINqPd00AphqJR/0LhANUS6/+7SCb98YOfA=="
  "resolved" "https://registry.npmjs.org/y18n/-/y18n-5.0.8.tgz"
  "version" "5.0.8"

"yargs-parser@^21.1.1":
  "integrity" "sha512-tVpsJW7DdjecAiFpbIB1e3qxIQsE6NoPc5/eTdrbbIC4h0LVsWhnoa3g+m2HclBIujHzsxZ4VJVA+GUuc2/LBw=="
  "resolved" "https://registry.npmjs.org/yargs-parser/-/yargs-parser-21.1.1.tgz"
  "version" "21.1.1"

"yargs@^17.7.2":
  "integrity" "sha512-7dSzzRQ++CKnNI/krKnYRV7JKKPUXMEh61soaHKg9mrWEhzFWhFnxPxGl+69cD1Ou63C13NUPCnmIcrvqCuM6w=="
  "resolved" "https://registry.npmjs.org/yargs/-/yargs-17.7.2.tgz"
  "version" "17.7.2"
  dependencies:
    "cliui" "^8.0.1"
    "escalade" "^3.1.1"
    "get-caller-file" "^2.0.5"
    "require-directory" "^2.1.1"
    "string-width" "^4.2.3"
    "y18n" "^5.0.5"
    "yargs-parser" "^21.1.1"
